// !$*UTF8*$!
{
	archiveVersion = 1;
	classes = {
	};
	objectVersion = 46;
	objects = {

/* Begin PBXBuildFile section */
		04BBB14C1BF52EF8008D6C9B /* AppDelegate.swift in Sources */ = {isa = PBXBuildFile; fileRef = 04BBB14B1BF52EF8008D6C9B /* AppDelegate.swift */; };
		04BBB14E1BF52EF8008D6C9B /* ViewController.swift in Sources */ = {isa = PBXBuildFile; fileRef = 04BBB14D1BF52EF8008D6C9B /* ViewController.swift */; };
		04BBB1511BF52EF8008D6C9B /* Main.storyboard in Resources */ = {isa = PBXBuildFile; fileRef = 04BBB14F1BF52EF8008D6C9B /* Main.storyboard */; };
		04BBB1531BF52EF8008D6C9B /* Assets.xcassets in Resources */ = {isa = PBXBuildFile; fileRef = 04BBB1521BF52EF8008D6C9B /* Assets.xcassets */; };
		04BBB1561BF52EF8008D6C9B /* LaunchScreen.storyboard in Resources */ = {isa = PBXBuildFile; fileRef = 04BBB1541BF52EF8008D6C9B /* LaunchScreen.storyboard */; };
		04BBB1611BF52EF8008D6C9B /* ScrollViewTestTests.swift in Sources */ = {isa = PBXBuildFile; fileRef = 04BBB1601BF52EF8008D6C9B /* ScrollViewTestTests.swift */; };
		04BBB16C1BF52EF8008D6C9B /* ScrollViewTestUITests.swift in Sources */ = {isa = PBXBuildFile; fileRef = 04BBB16B1BF52EF8008D6C9B /* ScrollViewTestUITests.swift */; };
/* End PBXBuildFile section */

/* Begin PBXContainerItemProxy section */
		04BBB15D1BF52EF8008D6C9B /* PBXContainerItemProxy */ = {
			isa = PBXContainerItemProxy;
			containerPortal = 04BBB1401BF52EF8008D6C9B /* Project object */;
			proxyType = 1;
			remoteGlobalIDString = 04BBB1471BF52EF8008D6C9B;
			remoteInfo = ScrollViewTest;
		};
		04BBB1681BF52EF8008D6C9B /* PBXContainerItemProxy */ = {
			isa = PBXContainerItemProxy;
			containerPortal = 04BBB1401BF52EF8008D6C9B /* Project object */;
			proxyType = 1;
			remoteGlobalIDString = 04BBB1471BF52EF8008D6C9B;
			remoteInfo = ScrollViewTest;
		};
/* End PBXContainerItemProxy section */

/* Begin PBXFileReference section */
		04BBB1481BF52EF8008D6C9B /* ScrollViewTest.app */ = {isa = PBXFileReference; explicitFileType = wrapper.application; includeInIndex = 0; path = ScrollViewTest.app; sourceTree = BUILT_PRODUCTS_DIR; };
		04BBB14B1BF52EF8008D6C9B /* AppDelegate.swift */ = {isa = PBXFileReference; lastKnownFileType = sourcecode.swift; path = AppDelegate.swift; sourceTree = "<group>"; };
		04BBB14D1BF52EF8008D6C9B /* ViewController.swift */ = {isa = PBXFileReference; lastKnownFileType = sourcecode.swift; path = ViewController.swift; sourceTree = "<group>"; };
		04BBB1501BF52EF8008D6C9B /* Base */ = {isa = PBXFileReference; lastKnownFileType = file.storyboard; name = Base; path = Base.lproj/Main.storyboard; sourceTree = "<group>"; };
		04BBB1521BF52EF8008D6C9B /* Assets.xcassets */ = {isa = PBXFileReference; lastKnownFileType = folder.assetcatalog; path = Assets.xcassets; sourceTree = "<group>"; };
		04BBB1551BF52EF8008D6C9B /* Base */ = {isa = PBXFileReference; lastKnownFileType = file.storyboard; name = Base; path = Base.lproj/LaunchScreen.storyboard; sourceTree = "<group>"; };
		04BBB1571BF52EF8008D6C9B /* Info.plist */ = {isa = PBXFileReference; lastKnownFileType = text.plist.xml; path = Info.plist; sourceTree = "<group>"; };
		04BBB15C1BF52EF8008D6C9B /* ScrollViewTestTests.xctest */ = {isa = PBXFileReference; explicitFileType = wrapper.cfbundle; includeInIndex = 0; path = ScrollViewTestTests.xctest; sourceTree = BUILT_PRODUCTS_DIR; };
		04BBB1601BF52EF8008D6C9B /* ScrollViewTestTests.swift */ = {isa = PBXFileReference; lastKnownFileType = sourcecode.swift; path = ScrollViewTestTests.swift; sourceTree = "<group>"; };
		04BBB1621BF52EF8008D6C9B /* Info.plist */ = {isa = PBXFileReference; lastKnownFileType = text.plist.xml; path = Info.plist; sourceTree = "<group>"; };
		04BBB1671BF52EF8008D6C9B /* ScrollViewTestUITests.xctest */ = {isa = PBXFileReference; explicitFileType = wrapper.cfbundle; includeInIndex = 0; path = ScrollViewTestUITests.xctest; sourceTree = BUILT_PRODUCTS_DIR; };
		04BBB16B1BF52EF8008D6C9B /* ScrollViewTestUITests.swift */ = {isa = PBXFileReference; lastKnownFileType = sourcecode.swift; path = ScrollViewTestUITests.swift; sourceTree = "<group>"; };
		04BBB16D1BF52EF8008D6C9B /* Info.plist */ = {isa = PBXFileReference; lastKnownFileType = text.plist.xml; path = Info.plist; sourceTree = "<group>"; };
/* End PBXFileReference section */

/* Begin PBXFrameworksBuildPhase section */
		04BBB1451BF52EF8008D6C9B /* Frameworks */ = {
			isa = PBXFrameworksBuildPhase;
			buildActionMask = 2147483647;
			files = (
			);
			runOnlyForDeploymentPostprocessing = 0;
		};
		04BBB1591BF52EF8008D6C9B /* Frameworks */ = {
			isa = PBXFrameworksBuildPhase;
			buildActionMask = 2147483647;
			files = (
			);
			runOnlyForDeploymentPostprocessing = 0;
		};
		04BBB1641BF52EF8008D6C9B /* Frameworks */ = {
			isa = PBXFrameworksBuildPhase;
			buildActionMask = 2147483647;
			files = (
			);
			runOnlyForDeploymentPostprocessing = 0;
		};
/* End PBXFrameworksBuildPhase section */

/* Begin PBXGroup section */
		04BBB13F1BF52EF8008D6C9B = {
			isa = PBXGroup;
			children = (
				04BBB14A1BF52EF8008D6C9B /* ScrollViewTest */,
				04BBB15F1BF52EF8008D6C9B /* ScrollViewTestTests */,
				04BBB16A1BF52EF8008D6C9B /* ScrollViewTestUITests */,
				04BBB1491BF52EF8008D6C9B /* Products */,
			);
			sourceTree = "<group>";
		};
		04BBB1491BF52EF8008D6C9B /* Products */ = {
			isa = PBXGroup;
			children = (
				04BBB1481BF52EF8008D6C9B /* ScrollViewTest.app */,
				04BBB15C1BF52EF8008D6C9B /* ScrollViewTestTests.xctest */,
				04BBB1671BF52EF8008D6C9B /* ScrollViewTestUITests.xctest */,
			);
			name = Products;
			sourceTree = "<group>";
		};
		04BBB14A1BF52EF8008D6C9B /* ScrollViewTest */ = {
			isa = PBXGroup;
			children = (
				04BBB14B1BF52EF8008D6C9B /* AppDelegate.swift */,
				04BBB14D1BF52EF8008D6C9B /* ViewController.swift */,
				04BBB14F1BF52EF8008D6C9B /* Main.storyboard */,
				04BBB1521BF52EF8008D6C9B /* Assets.xcassets */,
				04BBB1541BF52EF8008D6C9B /* LaunchScreen.storyboard */,
				04BBB1571BF52EF8008D6C9B /* Info.plist */,
			);
			path = ScrollViewTest;
			sourceTree = "<group>";
		};
		04BBB15F1BF52EF8008D6C9B /* ScrollViewTestTests */ = {
			isa = PBXGroup;
			children = (
				04BBB1601BF52EF8008D6C9B /* ScrollViewTestTests.swift */,
				04BBB1621BF52EF8008D6C9B /* Info.plist */,
			);
			path = ScrollViewTestTests;
			sourceTree = "<group>";
		};
		04BBB16A1BF52EF8008D6C9B /* ScrollViewTestUITests */ = {
			isa = PBXGroup;
			children = (
				04BBB16B1BF52EF8008D6C9B /* ScrollViewTestUITests.swift */,
				04BBB16D1BF52EF8008D6C9B /* Info.plist */,
			);
			path = ScrollViewTestUITests;
			sourceTree = "<group>";
		};
/* End PBXGroup section */

/* Begin PBXNativeTarget section */
		04BBB1471BF52EF8008D6C9B /* ScrollViewTest */ = {
			isa = PBXNativeTarget;
			buildConfigurationList = 04BBB1701BF52EF8008D6C9B /* Build configuration list for PBXNativeTarget "ScrollViewTest" */;
			buildPhases = (
				04BBB1441BF52EF8008D6C9B /* Sources */,
				04BBB1451BF52EF8008D6C9B /* Frameworks */,
				04BBB1461BF52EF8008D6C9B /* Resources */,
			);
			buildRules = (
			);
			dependencies = (
			);
			name = ScrollViewTest;
			productName = ScrollViewTest;
			productReference = 04BBB1481BF52EF8008D6C9B /* ScrollViewTest.app */;
			productType = "com.apple.product-type.application";
		};
		04BBB15B1BF52EF8008D6C9B /* ScrollViewTestTests */ = {
			isa = PBXNativeTarget;
			buildConfigurationList = 04BBB1731BF52EF8008D6C9B /* Build configuration list for PBXNativeTarget "ScrollViewTestTests" */;
			buildPhases = (
				04BBB1581BF52EF8008D6C9B /* Sources */,
				04BBB1591BF52EF8008D6C9B /* Frameworks */,
				04BBB15A1BF52EF8008D6C9B /* Resources */,
			);
			buildRules = (
			);
			dependencies = (
				04BBB15E1BF52EF8008D6C9B /* PBXTargetDependency */,
			);
			name = ScrollViewTestTests;
			productName = ScrollViewTestTests;
			productReference = 04BBB15C1BF52EF8008D6C9B /* ScrollViewTestTests.xctest */;
			productType = "com.apple.product-type.bundle.unit-test";
		};
		04BBB1661BF52EF8008D6C9B /* ScrollViewTestUITests */ = {
			isa = PBXNativeTarget;
			buildConfigurationList = 04BBB1761BF52EF8008D6C9B /* Build configuration list for PBXNativeTarget "ScrollViewTestUITests" */;
			buildPhases = (
				04BBB1631BF52EF8008D6C9B /* Sources */,
				04BBB1641BF52EF8008D6C9B /* Frameworks */,
				04BBB1651BF52EF8008D6C9B /* Resources */,
			);
			buildRules = (
			);
			dependencies = (
				04BBB1691BF52EF8008D6C9B /* PBXTargetDependency */,
			);
			name = ScrollViewTestUITests;
			productName = ScrollViewTestUITests;
			productReference = 04BBB1671BF52EF8008D6C9B /* ScrollViewTestUITests.xctest */;
			productType = "com.apple.product-type.bundle.ui-testing";
		};
/* End PBXNativeTarget section */

/* Begin PBXProject section */
		04BBB1401BF52EF8008D6C9B /* Project object */ = {
			isa = PBXProject;
			attributes = {
				LastUpgradeCheck = 0700;
				ORGANIZATIONNAME = Nathan;
				TargetAttributes = {
					04BBB1471BF52EF8008D6C9B = {
						CreatedOnToolsVersion = 7.0.1;
					};
					04BBB15B1BF52EF8008D6C9B = {
						CreatedOnToolsVersion = 7.0.1;
						TestTargetID = 04BBB1471BF52EF8008D6C9B;
					};
					04BBB1661BF52EF8008D6C9B = {
						CreatedOnToolsVersion = 7.0.1;
						TestTargetID = 04BBB1471BF52EF8008D6C9B;
					};
				};
			};
			buildConfigurationList = 04BBB1431BF52EF8008D6C9B /* Build configuration list for PBXProject "ScrollViewTest" */;
			compatibilityVersion = "Xcode 3.2";
			developmentRegion = English;
			hasScannedForEncodings = 0;
			knownRegions = (
				en,
				Base,
			);
			mainGroup = 04BBB13F1BF52EF8008D6C9B;
			productRefGroup = 04BBB1491BF52EF8008D6C9B /* Products */;
			projectDirPath = "";
			projectRoot = "";
			targets = (
				04BBB1471BF52EF8008D6C9B /* ScrollViewTest */,
				04BBB15B1BF52EF8008D6C9B /* ScrollViewTestTests */,
				04BBB1661BF52EF8008D6C9B /* ScrollViewTestUITests */,
			);
		};
/* End PBXProject section */

/* Begin PBXResourcesBuildPhase section */
		04BBB1461BF52EF8008D6C9B /* Resources */ = {
			isa = PBXResourcesBuildPhase;
			buildActionMask = 2147483647;
			files = (
				04BBB1561BF52EF8008D6C9B /* LaunchScreen.storyboard in Resources */,
				04BBB1531BF52EF8008D6C9B /* Assets.xcassets in Resources */,
				04BBB1511BF52EF8008D6C9B /* Main.storyboard in Resources */,
			);
			runOnlyForDeploymentPostprocessing = 0;
		};
		04BBB15A1BF52EF8008D6C9B /* Resources */ = {
			isa = PBXResourcesBuildPhase;
			buildActionMask = 2147483647;
			files = (
			);
			runOnlyForDeploymentPostprocessing = 0;
		};
		04BBB1651BF52EF8008D6C9B /* Resources */ = {
			isa = PBXResourcesBuildPhase;
			buildActionMask = 2147483647;
			files = (
			);
			runOnlyForDeploymentPostprocessing = 0;
		};
/* End PBXResourcesBuildPhase section */

/* Begin PBXSourcesBuildPhase section */
		04BBB1441BF52EF8008D6C9B /* Sources */ = {
			isa = PBXSourcesBuildPhase;
			buildActionMask = 2147483647;
			files = (
				04BBB14E1BF52EF8008D6C9B /* ViewController.swift in Sources */,
				04BBB14C1BF52EF8008D6C9B /* AppDelegate.swift in Sources */,
			);
			runOnlyForDeploymentPostprocessing = 0;
		};
		04BBB1581BF52EF8008D6C9B /* Sources */ = {
			isa = PBXSourcesBuildPhase;
			buildActionMask = 2147483647;
			files = (
				04BBB1611BF52EF8008D6C9B /* ScrollViewTestTests.swift in Sources */,
			);
			runOnlyForDeploymentPostprocessing = 0;
		};
		04BBB1631BF52EF8008D6C9B /* Sources */ = {
			isa = PBXSourcesBuildPhase;
			buildActionMask = 2147483647;
			files = (
				04BBB16C1BF52EF8008D6C9B /* ScrollViewTestUITests.swift in Sources */,
			);
			runOnlyForDeploymentPostprocessing = 0;
		};
/* End PBXSourcesBuildPhase section */

/* Begin PBXTargetDependency section */
		04BBB15E1BF52EF8008D6C9B /* PBXTargetDependency */ = {
			isa = PBXTargetDependency;
			target = 04BBB1471BF52EF8008D6C9B /* ScrollViewTest */;
			targetProxy = 04BBB15D1BF52EF8008D6C9B /* PBXContainerItemProxy */;
		};
		04BBB1691BF52EF8008D6C9B /* PBXTargetDependency */ = {
			isa = PBXTargetDependency;
			target = 04BBB1471BF52EF8008D6C9B /* ScrollViewTest */;
			targetProxy = 04BBB1681BF52EF8008D6C9B /* PBXContainerItemProxy */;
		};
/* End PBXTargetDependency section */

/* Begin PBXVariantGroup section */
		04BBB14F1BF52EF8008D6C9B /* Main.storyboard */ = {
			isa = PBXVariantGroup;
			children = (
				04BBB1501BF52EF8008D6C9B /* Base */,
			);
			name = Main.storyboard;
			sourceTree = "<group>";
		};
		04BBB1541BF52EF8008D6C9B /* LaunchScreen.storyboard */ = {
			isa = PBXVariantGroup;
			children = (
				04BBB1551BF52EF8008D6C9B /* Base */,
			);
			name = LaunchScreen.storyboard;
			sourceTree = "<group>";
		};
/* End PBXVariantGroup section */

/* Begin XCBuildConfiguration section */
		04BBB16E1BF52EF8008D6C9B /* Debug */ = {
			isa = XCBuildConfiguration;
			buildSettings = {
				ALWAYS_SEARCH_USER_PATHS = NO;
				CLANG_CXX_LANGUAGE_STANDARD = "gnu++0x";
				CLANG_CXX_LIBRARY = "libc++";
				CLANG_ENABLE_MODULES = YES;
				CLANG_ENABLE_OBJC_ARC = YES;
				CLANG_WARN_BOOL_CONVERSION = YES;
				CLANG_WARN_CONSTANT_CONVERSION = YES;
				CLANG_WARN_DIRECT_OBJC_ISA_USAGE = YES_ERROR;
				CLANG_WARN_EMPTY_BODY = YES;
				CLANG_WARN_ENUM_CONVERSION = YES;
				CLANG_WARN_INT_CONVERSION = YES;
				CLANG_WARN_OBJC_ROOT_CLASS = YES_ERROR;
				CLANG_WARN_UNREACHABLE_CODE = YES;
				CLANG_WARN__DUPLICATE_METHOD_MATCH = YES;
				"CODE_SIGN_IDENTITY[sdk=iphoneos*]" = "iPhone Developer";
				COPY_PHASE_STRIP = NO;
				DEBUG_INFORMATION_FORMAT = dwarf;
				ENABLE_STRICT_OBJC_MSGSEND = YES;
				ENABLE_TESTABILITY = YES;
				GCC_C_LANGUAGE_STANDARD = gnu99;
				GCC_DYNAMIC_NO_PIC = NO;
				GCC_NO_COMMON_BLOCKS = YES;
				GCC_OPTIMIZATION_LEVEL = 0;
				GCC_PREPROCESSOR_DEFINITIONS = (
					"DEBUG=1",
					"$(inherited)",
				);
				GCC_WARN_64_TO_32_BIT_CONVERSION = YES;
				GCC_WARN_ABOUT_RETURN_TYPE = YES_ERROR;
				GCC_WARN_UNDECLARED_SELECTOR = YES;
				GCC_WARN_UNINITIALIZED_AUTOS = YES_AGGRESSIVE;
				GCC_WARN_UNUSED_FUNCTION = YES;
				GCC_WARN_UNUSED_VARIABLE = YES;
				IPHONEOS_DEPLOYMENT_TARGET = 9.0;
				MTL_ENABLE_DEBUG_INFO = YES;
				ONLY_ACTIVE_ARCH = YES;
				SDKROOT = iphoneos;
				SWIFT_OPTIMIZATION_LEVEL = "-Onone";
				TARGETED_DEVICE_FAMILY = "1,2";
			};
			name = Debug;
		};
		04BBB16F1BF52EF8008D6C9B /* Release */ = {
			isa = XCBuildConfiguration;
			buildSettings = {
				ALWAYS_SEARCH_USER_PATHS = NO;
				CLANG_CXX_LANGUAGE_STANDARD = "gnu++0x";
				CLANG_CXX_LIBRARY = "libc++";
				CLANG_ENABLE_MODULES = YES;
				CLANG_ENABLE_OBJC_ARC = YES;
				CLANG_WARN_BOOL_CONVERSION = YES;
				CLANG_WARN_CONSTANT_CONVERSION = YES;
				CLANG_WARN_DIRECT_OBJC_ISA_USAGE = YES_ERROR;
				CLANG_WARN_EMPTY_BODY = YES;
				CLANG_WARN_ENUM_CONVERSION = YES;
				CLANG_WARN_INT_CONVERSION = YES;
				CLANG_WARN_OBJC_ROOT_CLASS = YES_ERROR;
				CLANG_WARN_UNREACHABLE_CODE = YES;
				CLANG_WARN__DUPLICATE_METHOD_MATCH = YES;
				"CODE_SIGN_IDENTITY[sdk=iphoneos*]" = "iPhone Developer";
				COPY_PHASE_STRIP = NO;
				DEBUG_INFORMATION_FORMAT = "dwarf-with-dsym";
				ENABLE_NS_ASSERTIONS = NO;
				ENABLE_STRICT_OBJC_MSGSEND = YES;
				GCC_C_LANGUAGE_STANDARD = gnu99;
				GCC_NO_COMMON_BLOCKS = YES;
				GCC_WARN_64_TO_32_BIT_CONVERSION = YES;
				GCC_WARN_ABOUT_RETURN_TYPE = YES_ERROR;
				GCC_WARN_UNDECLARED_SELECTOR = YES;
				GCC_WARN_UNINITIALIZED_AUTOS = YES_AGGRESSIVE;
				GCC_WARN_UNUSED_FUNCTION = YES;
				GCC_WARN_UNUSED_VARIABLE = YES;
				IPHONEOS_DEPLOYMENT_TARGET = 9.0;
				MTL_ENABLE_DEBUG_INFO = NO;
				SDKROOT = iphoneos;
				TARGETED_DEVICE_FAMILY = "1,2";
				VALIDATE_PRODUCT = YES;
			};
			name = Release;
		};
		04BBB1711BF52EF8008D6C9B /* Debug */ = {
			isa = XCBuildConfiguration;
			buildSettings = {
				ASSETCATALOG_COMPILER_APPICON_NAME = AppIcon;
				INFOPLIST_FILE = ScrollViewTest/Info.plist;
				LD_RUNPATH_SEARCH_PATHS = "$(inherited) @executable_path/Frameworks";
				PRODUCT_BUNDLE_IDENTIFIER = Arqball.ScrollViewTest;
				PRODUCT_NAME = "$(TARGET_NAME)";
			};
			name = Debug;
		};
		04BBB1721BF52EF8008D6C9B /* Release */ = {
			isa = XCBuildConfiguration;
			buildSettings = {
				ASSETCATALOG_COMPILER_APPICON_NAME = AppIcon;
				INFOPLIST_FILE = ScrollViewTest/Info.plist;
				LD_RUNPATH_SEARCH_PATHS = "$(inherited) @executable_path/Frameworks";
				PRODUCT_BUNDLE_IDENTIFIER = Arqball.ScrollViewTest;
				PRODUCT_NAME = "$(TARGET_NAME)";
			};
			name = Release;
		};
		04BBB1741BF52EF8008D6C9B /* Debug */ = {
			isa = XCBuildConfiguration;
			buildSettings = {
				BUNDLE_LOADER = "$(TEST_HOST)";
				INFOPLIST_FILE = ScrollViewTestTests/Info.plist;
				LD_RUNPATH_SEARCH_PATHS = "$(inherited) @executable_path/Frameworks @loader_path/Frameworks";
				PRODUCT_BUNDLE_IDENTIFIER = Arqball.ScrollViewTestTests;
				PRODUCT_NAME = "$(TARGET_NAME)";
				TEST_HOST = "$(BUILT_PRODUCTS_DIR)/ScrollViewTest.app/ScrollViewTest";
			};
			name = Debug;
		};
		04BBB1751BF52EF8008D6C9B /* Release */ = {
			isa = XCBuildConfiguration;
			buildSettings = {
				BUNDLE_LOADER = "$(TEST_HOST)";
				INFOPLIST_FILE = ScrollViewTestTests/Info.plist;
				LD_RUNPATH_SEARCH_PATHS = "$(inherited) @executable_path/Frameworks @loader_path/Frameworks";
				PRODUCT_BUNDLE_IDENTIFIER = Arqball.ScrollViewTestTests;
				PRODUCT_NAME = "$(TARGET_NAME)";
				TEST_HOST = "$(BUILT_PRODUCTS_DIR)/ScrollViewTest.app/ScrollViewTest";
			};
			name = Release;
		};
		04BBB1771BF52EF8008D6C9B /* Debug */ = {
			isa = XCBuildConfiguration;
			buildSettings = {
				INFOPLIST_FILE = ScrollViewTestUITests/Info.plist;
				LD_RUNPATH_SEARCH_PATHS = "$(inherited) @executable_path/Frameworks @loader_path/Frameworks";
				PRODUCT_BUNDLE_IDENTIFIER = Arqball.ScrollViewTestUITests;
				PRODUCT_NAME = "$(TARGET_NAME)";
				TEST_TARGET_NAME = ScrollViewTest;
				USES_XCTRUNNER = YES;
			};
			name = Debug;
		};
		04BBB1781BF52EF8008D6C9B /* Release */ = {
			isa = XCBuildConfiguration;
			buildSettings = {
				INFOPLIST_FILE = ScrollViewTestUITests/Info.plist;
				LD_RUNPATH_SEARCH_PATHS = "$(inherited) @executable_path/Frameworks @loader_path/Frameworks";
				PRODUCT_BUNDLE_IDENTIFIER = Arqball.ScrollViewTestUITests;
				PRODUCT_NAME = "$(TARGET_NAME)";
				TEST_TARGET_NAME = ScrollViewTest;
				USES_XCTRUNNER = YES;
			};
			name = Release;
		};
/* End XCBuildConfiguration section */

/* Begin XCConfigurationList section */
		04BBB1431BF52EF8008D6C9B /* Build configuration list for PBXProject "ScrollViewTest" */ = {
			isa = XCConfigurationList;
			buildConfigurations = (
				04BBB16E1BF52EF8008D6C9B /* Debug */,
				04BBB16F1BF52EF8008D6C9B /* Release */,
			);
			defaultConfigurationIsVisible = 0;
			defaultConfigurationName = Release;
		};
		04BBB1701BF52EF8008D6C9B /* Build configuration list for PBXNativeTarget "ScrollViewTest" */ = {
			isa = XCConfigurationList;
			buildConfigurations = (
				04BBB1711BF52EF8008D6C9B /* Debug */,
				04BBB1721BF52EF8008D6C9B /* Release */,
			);
			defaultConfigurationIsVisible = 0;
		};
		04BBB1731BF52EF8008D6C9B /* Build configuration list for PBXNativeTarget "ScrollViewTestTests" */ = {
			isa = XCConfigurationList;
			buildConfigurations = (
				04BBB1741BF52EF8008D6C9B /* Debug */,
				04BBB1751BF52EF8008D6C9B /* Release */,
			);
			defaultConfigurationIsVisible = 0;
		};
		04BBB1761BF52EF8008D6C9B /* Build configuration list for PBXNativeTarget "ScrollViewTestUITests" */ = {
			isa = XCConfigurationList;
			buildConfigurations = (
				04BBB1771BF52EF8008D6C9B /* Debug */,
				04BBB1781BF52EF8008D6C9B /* Release */,
			);
			defaultConfigurationIsVisible = 0;
		};
/* End XCConfigurationList section */
	};
	rootObject = 04BBB1401BF52EF8008D6C9B /* Project object */;
}
